github.com/chewxy/math32 v1.0.7-0.20210223031236-a3549c8cb6a9 h1:tYETMGvGcSl1GOLy7hjtvueM/Ax1rn9hpeD3fgbNdT0=
github.com/chewxy/math32 v1.0.7-0.20210223031236-a3549c8cb6a9/go.mod h1:dOB2rcuFrCn6UHrze36WSLVPKtzPMRAQvBvUwkSsLqs=
github.com/go-chi/chi v4.1.2+incompatible h1:fGFk2Gmi/YKXk0OmGfBh0WgmN3XB8lVnEyNz34tQRec=
github.com/go-chi/chi/v5 v5.0.0 h1:DBPx88FjZJH3FsICfDAfIfnb7XxKIYVGG6lOPlhENAg=
github.com/go-chi/chi/v5 v5.0.0/go.mod h1:BBug9lr0cqtdAhsu6R4AAdvufI0/XBzAQSsUqJpoZOs=
github.com/gorilla/mux v1.8.0 h1:i40aqfkR1h2SlN9hojwV5ZA91wcXFOvkdNIeFDP5koI=
github.com/gorilla/mux v1.8.0/go.mod h1:DVbg23sWSpFRCP0SfiEN6jmj59UnW/n46BH5rLB71So=
